// !$*UTF8*$!
{
	archiveVersion = 1;
	classes = {
	};
	objectVersion = 56;
	objects = {

/* Begin PBXBuildFile section */
		056D3C152C09048400245D9D /* SimpleVideoCourseAppApp.swift in Sources */ = {isa = PBXBuildFile; fileRef = 056D3C142C09048400245D9D /* SimpleVideoCourseAppApp.swift */; };
		056D3C1B2C09048500245D9D /* Assets.xcassets in Resources */ = {isa = PBXBuildFile; fileRef = 056D3C1A2C09048500245D9D /* Assets.xcassets */; };
		056D3C1E2C09048500245D9D /* Preview Assets.xcassets in Resources */ = {isa = PBXBuildFile; fileRef = 056D3C1D2C09048500245D9D /* Preview Assets.xcassets */; };
		056D3C2F2C09076B00245D9D /* Course.swift in Sources */ = {isa = PBXBuildFile; fileRef = 056D3C2E2C09076B00245D9D /* Course.swift */; };
		056D3C312C09085100245D9D /* CourseRepositoryProtocol.swift in Sources */ = {isa = PBXBuildFile; fileRef = 056D3C302C09085100245D9D /* CourseRepositoryProtocol.swift */; };
		056D3C332C09087900245D9D /* Resource.swift in Sources */ = {isa = PBXBuildFile; fileRef = 056D3C322C09087900245D9D /* Resource.swift */; };
		056D3C352C0908DB00245D9D /* CustomError.swift in Sources */ = {isa = PBXBuildFile; fileRef = 056D3C342C0908DB00245D9D /* CustomError.swift */; };
		056D3C372C09096A00245D9D /* APIConfig.swift in Sources */ = {isa = PBXBuildFile; fileRef = 056D3C362C09096A00245D9D /* APIConfig.swift */; };
		056D3C3B2C0909FC00245D9D /* Data.swift in Sources */ = {isa = PBXBuildFile; fileRef = 056D3C3A2C0909FC00245D9D /* Data.swift */; };
		056D3C3D2C090ABB00245D9D /* CourseResponse.swift in Sources */ = {isa = PBXBuildFile; fileRef = 056D3C3C2C090ABB00245D9D /* CourseResponse.swift */; };
		056D3C3F2C090B1200245D9D /* CourseService.swift in Sources */ = {isa = PBXBuildFile; fileRef = 056D3C3E2C090B1200245D9D /* CourseService.swift */; };
		056D3C412C090C6700245D9D /* CourseEntity.swift in Sources */ = {isa = PBXBuildFile; fileRef = 056D3C402C090C6700245D9D /* CourseEntity.swift */; };
		056D3C462C090F4000245D9D /* CourseRepository.swift in Sources */ = {isa = PBXBuildFile; fileRef = 056D3C452C090F4000245D9D /* CourseRepository.swift */; };
		056D3C482C0910FD00245D9D /* CourseDB.swift in Sources */ = {isa = PBXBuildFile; fileRef = 056D3C472C0910FD00245D9D /* CourseDB.swift */; };
		056D3C4A2C09179F00245D9D /* CourseMapper.swift in Sources */ = {isa = PBXBuildFile; fileRef = 056D3C492C09179F00245D9D /* CourseMapper.swift */; };
		056D3C4C2C091F1300245D9D /* CourseListItemView.swift in Sources */ = {isa = PBXBuildFile; fileRef = 056D3C4B2C091F1300245D9D /* CourseListItemView.swift */; };
		056D3C4E2C091F2000245D9D /* CourseListVM.swift in Sources */ = {isa = PBXBuildFile; fileRef = 056D3C4D2C091F2000245D9D /* CourseListVM.swift */; };
		056D3C502C0924BA00245D9D /* CourseListView.swift in Sources */ = {isa = PBXBuildFile; fileRef = 056D3C4F2C0924BA00245D9D /* CourseListView.swift */; };
		056D3C522C0924E600245D9D /* Injection.swift in Sources */ = {isa = PBXBuildFile; fileRef = 056D3C512C0924E600245D9D /* Injection.swift */; };
		056D3C542C09294C00245D9D /* CourseDetailVM.swift in Sources */ = {isa = PBXBuildFile; fileRef = 056D3C532C09294C00245D9D /* CourseDetailVM.swift */; };
		056D3C562C0930BE00245D9D /* CourseDetailView.swift in Sources */ = {isa = PBXBuildFile; fileRef = 056D3C552C0930BE00245D9D /* CourseDetailView.swift */; };
/* End PBXBuildFile section */

/* Begin PBXFileReference section */
		056D3C112C09048400245D9D /* SimpleVideoCourseApp.app */ = {isa = PBXFileReference; explicitFileType = wrapper.application; includeInIndex = 0; path = SimpleVideoCourseApp.app; sourceTree = BUILT_PRODUCTS_DIR; };
		056D3C142C09048400245D9D /* SimpleVideoCourseAppApp.swift */ = {isa = PBXFileReference; lastKnownFileType = sourcecode.swift; path = SimpleVideoCourseAppApp.swift; sourceTree = "<group>"; };
		056D3C1A2C09048500245D9D /* Assets.xcassets */ = {isa = PBXFileReference; lastKnownFileType = folder.assetcatalog; path = Assets.xcassets; sourceTree = "<group>"; };
		056D3C1D2C09048500245D9D /* Preview Assets.xcassets */ = {isa = PBXFileReference; lastKnownFileType = folder.assetcatalog; path = "Preview Assets.xcassets"; sourceTree = "<group>"; };
		056D3C2E2C09076B00245D9D /* Course.swift */ = {isa = PBXFileReference; lastKnownFileType = sourcecode.swift; path = Course.swift; sourceTree = "<group>"; };
		056D3C302C09085100245D9D /* CourseRepositoryProtocol.swift */ = {isa = PBXFileReference; lastKnownFileType = sourcecode.swift; path = CourseRepositoryProtocol.swift; sourceTree = "<group>"; };
		056D3C322C09087900245D9D /* Resource.swift */ = {isa = PBXFileReference; lastKnownFileType = sourcecode.swift; path = Resource.swift; sourceTree = "<group>"; };
		056D3C342C0908DB00245D9D /* CustomError.swift */ = {isa = PBXFileReference; lastKnownFileType = sourcecode.swift; path = CustomError.swift; sourceTree = "<group>"; };
		056D3C362C09096A00245D9D /* APIConfig.swift */ = {isa = PBXFileReference; lastKnownFileType = sourcecode.swift; path = APIConfig.swift; sourceTree = "<group>"; };
		056D3C3A2C0909FC00245D9D /* Data.swift */ = {isa = PBXFileReference; lastKnownFileType = sourcecode.swift; path = Data.swift; sourceTree = "<group>"; };
		056D3C3C2C090ABB00245D9D /* CourseResponse.swift */ = {isa = PBXFileReference; lastKnownFileType = sourcecode.swift; path = CourseResponse.swift; sourceTree = "<group>"; };
		056D3C3E2C090B1200245D9D /* CourseService.swift */ = {isa = PBXFileReference; lastKnownFileType = sourcecode.swift; path = CourseService.swift; sourceTree = "<group>"; };
		056D3C402C090C6700245D9D /* CourseEntity.swift */ = {isa = PBXFileReference; lastKnownFileType = sourcecode.swift; path = CourseEntity.swift; sourceTree = "<group>"; };
		056D3C452C090F4000245D9D /* CourseRepository.swift */ = {isa = PBXFileReference; lastKnownFileType = sourcecode.swift; path = CourseRepository.swift; sourceTree = "<group>"; };
		056D3C472C0910FD00245D9D /* CourseDB.swift */ = {isa = PBXFileReference; lastKnownFileType = sourcecode.swift; path = CourseDB.swift; sourceTree = "<group>"; };
		056D3C492C09179F00245D9D /* CourseMapper.swift */ = {isa = PBXFileReference; lastKnownFileType = sourcecode.swift; path = CourseMapper.swift; sourceTree = "<group>"; };
		056D3C4B2C091F1300245D9D /* CourseListItemView.swift */ = {isa = PBXFileReference; lastKnownFileType = sourcecode.swift; path = CourseListItemView.swift; sourceTree = "<group>"; };
		056D3C4D2C091F2000245D9D /* CourseListVM.swift */ = {isa = PBXFileReference; lastKnownFileType = sourcecode.swift; path = CourseListVM.swift; sourceTree = "<group>"; };
		056D3C4F2C0924BA00245D9D /* CourseListView.swift */ = {isa = PBXFileReference; lastKnownFileType = sourcecode.swift; path = CourseListView.swift; sourceTree = "<group>"; };
		056D3C512C0924E600245D9D /* Injection.swift */ = {isa = PBXFileReference; lastKnownFileType = sourcecode.swift; path = Injection.swift; sourceTree = "<group>"; };
		056D3C532C09294C00245D9D /* CourseDetailVM.swift */ = {isa = PBXFileReference; lastKnownFileType = sourcecode.swift; path = CourseDetailVM.swift; sourceTree = "<group>"; };
		056D3C552C0930BE00245D9D /* CourseDetailView.swift */ = {isa = PBXFileReference; lastKnownFileType = sourcecode.swift; path = CourseDetailView.swift; sourceTree = "<group>"; };
/* End PBXFileReference section */

/* Begin PBXFrameworksBuildPhase section */
		056D3C0E2C09048400245D9D /* Frameworks */ = {
			isa = PBXFrameworksBuildPhase;
			buildActionMask = 2147483647;
			files = (
			);
			runOnlyForDeploymentPostprocessing = 0;
		};
/* End PBXFrameworksBuildPhase section */

/* Begin PBXGroup section */
		056D3C082C09048400245D9D = {
			isa = PBXGroup;
			children = (
				056D3C132C09048400245D9D /* SimpleVideoCourseApp */,
				056D3C122C09048400245D9D /* Products */,
			);
			sourceTree = "<group>";
		};
		056D3C122C09048400245D9D /* Products */ = {
			isa = PBXGroup;
			children = (
				056D3C112C09048400245D9D /* SimpleVideoCourseApp.app */,
			);
			name = Products;
			sourceTree = "<group>";
		};
		056D3C132C09048400245D9D /* SimpleVideoCourseApp */ = {
			isa = PBXGroup;
			children = (
				056D3C2D2C09072E00245D9D /* DI */,
				056D3C242C09054500245D9D /* Data */,
				056D3C252C09054F00245D9D /* Domain */,
				056D3C262C09056500245D9D /* UI */,
				056D3C142C09048400245D9D /* SimpleVideoCourseAppApp.swift */,
				056D3C1A2C09048500245D9D /* Assets.xcassets */,
				056D3C1C2C09048500245D9D /* Preview Content */,
			);
			path = SimpleVideoCourseApp;
			sourceTree = "<group>";
		};
		056D3C1C2C09048500245D9D /* Preview Content */ = {
			isa = PBXGroup;
			children = (
				056D3C1D2C09048500245D9D /* Preview Assets.xcassets */,
			);
			path = "Preview Content";
			sourceTree = "<group>";
		};
		056D3C242C09054500245D9D /* Data */ = {
			isa = PBXGroup;
			children = (
				056D3C392C0909DA00245D9D /* Extension */,
				056D3C2C2C09072700245D9D /* Mapper */,
				056D3C2B2C09071C00245D9D /* Mechanism */,
				056D3C2A2C09070600245D9D /* Local */,
				056D3C272C0906B400245D9D /* Remote */,
				056D3C442C090F1C00245D9D /* Repository */,
			);
			path = Data;
			sourceTree = "<group>";
		};
		056D3C252C09054F00245D9D /* Domain */ = {
			isa = PBXGroup;
			children = (
				056D3C292C0906FC00245D9D /* Repository */,
				056D3C282C0906D500245D9D /* Model */,
			);
			path = Domain;
			sourceTree = "<group>";
		};
		056D3C262C09056500245D9D /* UI */ = {
			isa = PBXGroup;
			children = (
				056D3C432C090F0A00245D9D /* Detail */,
				056D3C422C090EF300245D9D /* List */,
			);
			path = UI;
			sourceTree = "<group>";
		};
		056D3C272C0906B400245D9D /* Remote */ = {
			isa = PBXGroup;
			children = (
				056D3C362C09096A00245D9D /* APIConfig.swift */,
				056D3C3C2C090ABB00245D9D /* CourseResponse.swift */,
				056D3C3E2C090B1200245D9D /* CourseService.swift */,
			);
			path = Remote;
			sourceTree = "<group>";
		};
		056D3C282C0906D500245D9D /* Model */ = {
			isa = PBXGroup;
			children = (
				056D3C2E2C09076B00245D9D /* Course.swift */,
			);
			path = Model;
			sourceTree = "<group>";
		};
		056D3C292C0906FC00245D9D /* Repository */ = {
			isa = PBXGroup;
			children = (
				056D3C302C09085100245D9D /* CourseRepositoryProtocol.swift */,
			);
			path = Repository;
			sourceTree = "<group>";
		};
		056D3C2A2C09070600245D9D /* Local */ = {
			isa = PBXGroup;
			children = (
				056D3C402C090C6700245D9D /* CourseEntity.swift */,
				056D3C472C0910FD00245D9D /* CourseDB.swift */,
			);
			path = Local;
			sourceTree = "<group>";
		};
		056D3C2B2C09071C00245D9D /* Mechanism */ = {
			isa = PBXGroup;
			children = (
				056D3C322C09087900245D9D /* Resource.swift */,
				056D3C342C0908DB00245D9D /* CustomError.swift */,
			);
			path = Mechanism;
			sourceTree = "<group>";
		};
		056D3C2C2C09072700245D9D /* Mapper */ = {
			isa = PBXGroup;
			children = (
				056D3C492C09179F00245D9D /* CourseMapper.swift */,
			);
			path = Mapper;
			sourceTree = "<group>";
		};
		056D3C2D2C09072E00245D9D /* DI */ = {
			isa = PBXGroup;
			children = (
				056D3C512C0924E600245D9D /* Injection.swift */,
			);
			path = DI;
			sourceTree = "<group>";
		};
		056D3C392C0909DA00245D9D /* Extension */ = {
			isa = PBXGroup;
			children = (
				056D3C3A2C0909FC00245D9D /* Data.swift */,
			);
			path = Extension;
			sourceTree = "<group>";
		};
		056D3C422C090EF300245D9D /* List */ = {
			isa = PBXGroup;
			children = (
				056D3C4B2C091F1300245D9D /* CourseListItemView.swift */,
				056D3C4D2C091F2000245D9D /* CourseListVM.swift */,
				056D3C4F2C0924BA00245D9D /* CourseListView.swift */,
			);
			path = List;
			sourceTree = "<group>";
		};
		056D3C432C090F0A00245D9D /* Detail */ = {
			isa = PBXGroup;
			children = (
				056D3C532C09294C00245D9D /* CourseDetailVM.swift */,
				056D3C552C0930BE00245D9D /* CourseDetailView.swift */,
			);
			path = Detail;
			sourceTree = "<group>";
		};
		056D3C442C090F1C00245D9D /* Repository */ = {
			isa = PBXGroup;
			children = (
				056D3C452C090F4000245D9D /* CourseRepository.swift */,
			);
			path = Repository;
			sourceTree = "<group>";
		};
/* End PBXGroup section */

/* Begin PBXNativeTarget section */
		056D3C102C09048400245D9D /* SimpleVideoCourseApp */ = {
			isa = PBXNativeTarget;
			buildConfigurationList = 056D3C212C09048500245D9D /* Build configuration list for PBXNativeTarget "SimpleVideoCourseApp" */;
			buildPhases = (
				056D3C0D2C09048400245D9D /* Sources */,
				056D3C0E2C09048400245D9D /* Frameworks */,
				056D3C0F2C09048400245D9D /* Resources */,
			);
			buildRules = (
			);
			dependencies = (
			);
			name = SimpleVideoCourseApp;
			productName = SimpleVideoCourseApp;
			productReference = 056D3C112C09048400245D9D /* SimpleVideoCourseApp.app */;
			productType = "com.apple.product-type.application";
		};
/* End PBXNativeTarget section */

/* Begin PBXProject section */
		056D3C092C09048400245D9D /* Project object */ = {
			isa = PBXProject;
			attributes = {
				BuildIndependentTargetsInParallel = 1;
				LastSwiftUpdateCheck = 1520;
				LastUpgradeCheck = 1520;
				TargetAttributes = {
					056D3C102C09048400245D9D = {
						CreatedOnToolsVersion = 15.2;
					};
				};
			};
			buildConfigurationList = 056D3C0C2C09048400245D9D /* Build configuration list for PBXProject "SimpleVideoCourseApp" */;
			compatibilityVersion = "Xcode 14.0";
			developmentRegion = en;
			hasScannedForEncodings = 0;
			knownRegions = (
				en,
				Base,
			);
			mainGroup = 056D3C082C09048400245D9D;
			productRefGroup = 056D3C122C09048400245D9D /* Products */;
			projectDirPath = "";
			projectRoot = "";
			targets = (
				056D3C102C09048400245D9D /* SimpleVideoCourseApp */,
			);
		};
/* End PBXProject section */

/* Begin PBXResourcesBuildPhase section */
		056D3C0F2C09048400245D9D /* Resources */ = {
			isa = PBXResourcesBuildPhase;
			buildActionMask = 2147483647;
			files = (
				056D3C1E2C09048500245D9D /* Preview Assets.xcassets in Resources */,
				056D3C1B2C09048500245D9D /* Assets.xcassets in Resources */,
			);
			runOnlyForDeploymentPostprocessing = 0;
		};
/* End PBXResourcesBuildPhase section */

/* Begin PBXSourcesBuildPhase section */
		056D3C0D2C09048400245D9D /* Sources */ = {
			isa = PBXSourcesBuildPhase;
			buildActionMask = 2147483647;
			files = (
				056D3C352C0908DB00245D9D /* CustomError.swift in Sources */,
				056D3C312C09085100245D9D /* CourseRepositoryProtocol.swift in Sources */,
				056D3C4A2C09179F00245D9D /* CourseMapper.swift in Sources */,
				056D3C462C090F4000245D9D /* CourseRepository.swift in Sources */,
				056D3C562C0930BE00245D9D /* CourseDetailView.swift in Sources */,
				056D3C372C09096A00245D9D /* APIConfig.swift in Sources */,
				056D3C2F2C09076B00245D9D /* Course.swift in Sources */,
				056D3C542C09294C00245D9D /* CourseDetailVM.swift in Sources */,
				056D3C482C0910FD00245D9D /* CourseDB.swift in Sources */,
				056D3C332C09087900245D9D /* Resource.swift in Sources */,
				056D3C4E2C091F2000245D9D /* CourseListVM.swift in Sources */,
				056D3C4C2C091F1300245D9D /* CourseListItemView.swift in Sources */,
				056D3C412C090C6700245D9D /* CourseEntity.swift in Sources */,
				056D3C3B2C0909FC00245D9D /* Data.swift in Sources */,
				056D3C3F2C090B1200245D9D /* CourseService.swift in Sources */,
				056D3C502C0924BA00245D9D /* CourseListView.swift in Sources */,
				056D3C152C09048400245D9D /* SimpleVideoCourseAppApp.swift in Sources */,
				056D3C3D2C090ABB00245D9D /* CourseResponse.swift in Sources */,
				056D3C522C0924E600245D9D /* Injection.swift in Sources */,
			);
			runOnlyForDeploymentPostprocessing = 0;
		};
/* End PBXSourcesBuildPhase section */

/* Begin XCBuildConfiguration section */
		056D3C1F2C09048500245D9D /* Debug */ = {
			isa = XCBuildConfiguration;
			buildSettings = {
				ALWAYS_SEARCH_USER_PATHS = NO;
				ASSETCATALOG_COMPILER_GENERATE_SWIFT_ASSET_SYMBOL_EXTENSIONS = YES;
				CLANG_ANALYZER_NONNULL = YES;
				CLANG_ANALYZER_NUMBER_OBJECT_CONVERSION = YES_AGGRESSIVE;
				CLANG_CXX_LANGUAGE_STANDARD = "gnu++20";
				CLANG_ENABLE_MODULES = YES;
				CLANG_ENABLE_OBJC_ARC = YES;
				CLANG_ENABLE_OBJC_WEAK = YES;
				CLANG_WARN_BLOCK_CAPTURE_AUTORELEASING = YES;
				CLANG_WARN_BOOL_CONVERSION = YES;
				CLANG_WARN_COMMA = YES;
				CLANG_WARN_CONSTANT_CONVERSION = YES;
				CLANG_WARN_DEPRECATED_OBJC_IMPLEMENTATIONS = YES;
				CLANG_WARN_DIRECT_OBJC_ISA_USAGE = YES_ERROR;
				CLANG_WARN_DOCUMENTATION_COMMENTS = YES;
				CLANG_WARN_EMPTY_BODY = YES;
				CLANG_WARN_ENUM_CONVERSION = YES;
				CLANG_WARN_INFINITE_RECURSION = YES;
				CLANG_WARN_INT_CONVERSION = YES;
				CLANG_WARN_NON_LITERAL_NULL_CONVERSION = YES;
				CLANG_WARN_OBJC_IMPLICIT_RETAIN_SELF = YES;
				CLANG_WARN_OBJC_LITERAL_CONVERSION = YES;
				CLANG_WARN_OBJC_ROOT_CLASS = YES_ERROR;
				CLANG_WARN_QUOTED_INCLUDE_IN_FRAMEWORK_HEADER = YES;
				CLANG_WARN_RANGE_LOOP_ANALYSIS = YES;
				CLANG_WARN_STRICT_PROTOTYPES = YES;
				CLANG_WARN_SUSPICIOUS_MOVE = YES;
				CLANG_WARN_UNGUARDED_AVAILABILITY = YES_AGGRESSIVE;
				CLANG_WARN_UNREACHABLE_CODE = YES;
				CLANG_WARN__DUPLICATE_METHOD_MATCH = YES;
				COPY_PHASE_STRIP = NO;
				DEBUG_INFORMATION_FORMAT = dwarf;
				ENABLE_STRICT_OBJC_MSGSEND = YES;
				ENABLE_TESTABILITY = YES;
				ENABLE_USER_SCRIPT_SANDBOXING = YES;
				GCC_C_LANGUAGE_STANDARD = gnu17;
				GCC_DYNAMIC_NO_PIC = NO;
				GCC_NO_COMMON_BLOCKS = YES;
				GCC_OPTIMIZATION_LEVEL = 0;
				GCC_PREPROCESSOR_DEFINITIONS = (
					"DEBUG=1",
					"$(inherited)",
				);
				GCC_WARN_64_TO_32_BIT_CONVERSION = YES;
				GCC_WARN_ABOUT_RETURN_TYPE = YES_ERROR;
				GCC_WARN_UNDECLARED_SELECTOR = YES;
				GCC_WARN_UNINITIALIZED_AUTOS = YES_AGGRESSIVE;
				GCC_WARN_UNUSED_FUNCTION = YES;
				GCC_WARN_UNUSED_VARIABLE = YES;
				IPHONEOS_DEPLOYMENT_TARGET = 17.2;
				LOCALIZATION_PREFERS_STRING_CATALOGS = YES;
				MTL_ENABLE_DEBUG_INFO = INCLUDE_SOURCE;
				MTL_FAST_MATH = YES;
				ONLY_ACTIVE_ARCH = YES;
				SDKROOT = iphoneos;
				SWIFT_ACTIVE_COMPILATION_CONDITIONS = "DEBUG $(inherited)";
				SWIFT_OPTIMIZATION_LEVEL = "-Onone";
			};
			name = Debug;
		};
		056D3C202C09048500245D9D /* Release */ = {
			isa = XCBuildConfiguration;
			buildSettings = {
				ALWAYS_SEARCH_USER_PATHS = NO;
				ASSETCATALOG_COMPILER_GENERATE_SWIFT_ASSET_SYMBOL_EXTENSIONS = YES;
				CLANG_ANALYZER_NONNULL = YES;
				CLANG_ANALYZER_NUMBER_OBJECT_CONVERSION = YES_AGGRESSIVE;
				CLANG_CXX_LANGUAGE_STANDARD = "gnu++20";
				CLANG_ENABLE_MODULES = YES;
				CLANG_ENABLE_OBJC_ARC = YES;
				CLANG_ENABLE_OBJC_WEAK = YES;
				CLANG_WARN_BLOCK_CAPTURE_AUTORELEASING = YES;
				CLANG_WARN_BOOL_CONVERSION = YES;
				CLANG_WARN_COMMA = YES;
				CLANG_WARN_CONSTANT_CONVERSION = YES;
				CLANG_WARN_DEPRECATED_OBJC_IMPLEMENTATIONS = YES;
				CLANG_WARN_DIRECT_OBJC_ISA_USAGE = YES_ERROR;
				CLANG_WARN_DOCUMENTATION_COMMENTS = YES;
				CLANG_WARN_EMPTY_BODY = YES;
				CLANG_WARN_ENUM_CONVERSION = YES;
				CLANG_WARN_INFINITE_RECURSION = YES;
				CLANG_WARN_INT_CONVERSION = YES;
				CLANG_WARN_NON_LITERAL_NULL_CONVERSION = YES;
				CLANG_WARN_OBJC_IMPLICIT_RETAIN_SELF = YES;
				CLANG_WARN_OBJC_LITERAL_CONVERSION = YES;
				CLANG_WARN_OBJC_ROOT_CLASS = YES_ERROR;
				CLANG_WARN_QUOTED_INCLUDE_IN_FRAMEWORK_HEADER = YES;
				CLANG_WARN_RANGE_LOOP_ANALYSIS = YES;
				CLANG_WARN_STRICT_PROTOTYPES = YES;
				CLANG_WARN_SUSPICIOUS_MOVE = YES;
				CLANG_WARN_UNGUARDED_AVAILABILITY = YES_AGGRESSIVE;
				CLANG_WARN_UNREACHABLE_CODE = YES;
				CLANG_WARN__DUPLICATE_METHOD_MATCH = YES;
				COPY_PHASE_STRIP = NO;
				DEBUG_INFORMATION_FORMAT = "dwarf-with-dsym";
				ENABLE_NS_ASSERTIONS = NO;
				ENABLE_STRICT_OBJC_MSGSEND = YES;
				ENABLE_USER_SCRIPT_SANDBOXING = YES;
				GCC_C_LANGUAGE_STANDARD = gnu17;
				GCC_NO_COMMON_BLOCKS = YES;
				GCC_WARN_64_TO_32_BIT_CONVERSION = YES;
				GCC_WARN_ABOUT_RETURN_TYPE = YES_ERROR;
				GCC_WARN_UNDECLARED_SELECTOR = YES;
				GCC_WARN_UNINITIALIZED_AUTOS = YES_AGGRESSIVE;
				GCC_WARN_UNUSED_FUNCTION = YES;
				GCC_WARN_UNUSED_VARIABLE = YES;
				IPHONEOS_DEPLOYMENT_TARGET = 17.2;
				LOCALIZATION_PREFERS_STRING_CATALOGS = YES;
				MTL_ENABLE_DEBUG_INFO = NO;
				MTL_FAST_MATH = YES;
				SDKROOT = iphoneos;
				SWIFT_COMPILATION_MODE = wholemodule;
				VALIDATE_PRODUCT = YES;
			};
			name = Release;
		};
		056D3C222C09048500245D9D /* Debug */ = {
			isa = XCBuildConfiguration;
			buildSettings = {
				ASSETCATALOG_COMPILER_APPICON_NAME = AppIcon;
				ASSETCATALOG_COMPILER_GLOBAL_ACCENT_COLOR_NAME = AccentColor;
				CODE_SIGN_STYLE = Automatic;
				CURRENT_PROJECT_VERSION = 1;
				DEVELOPMENT_ASSET_PATHS = "\"SimpleVideoCourseApp/Preview Content\"";
				DEVELOPMENT_TEAM = K2H8KG8Z32;
				ENABLE_PREVIEWS = YES;
				GENERATE_INFOPLIST_FILE = YES;
				INFOPLIST_KEY_UIApplicationSceneManifest_Generation = YES;
				INFOPLIST_KEY_UIApplicationSupportsIndirectInputEvents = YES;
				INFOPLIST_KEY_UILaunchScreen_Generation = YES;
				INFOPLIST_KEY_UISupportedInterfaceOrientations_iPad = "UIInterfaceOrientationPortrait UIInterfaceOrientationPortraitUpsideDown UIInterfaceOrientationLandscapeLeft UIInterfaceOrientationLandscapeRight";
				INFOPLIST_KEY_UISupportedInterfaceOrientations_iPhone = "UIInterfaceOrientationPortrait UIInterfaceOrientationLandscapeLeft UIInterfaceOrientationLandscapeRight";
				LD_RUNPATH_SEARCH_PATHS = (
					"$(inherited)",
					"@executable_path/Frameworks",
				);
				MARKETING_VERSION = 1.0;
				PRODUCT_BUNDLE_IDENTIFIER = dev.haqim.SimpleVideoCourseApp;
				PRODUCT_NAME = "$(TARGET_NAME)";
				SWIFT_EMIT_LOC_STRINGS = YES;
				SWIFT_VERSION = 5.0;
				TARGETED_DEVICE_FAMILY = "1,2";
			};
			name = Debug;
		};
		056D3C232C09048500245D9D /* Release */ = {
			isa = XCBuildConfiguration;
			buildSettings = {
				ASSETCATALOG_COMPILER_APPICON_NAME = AppIcon;
				ASSETCATALOG_COMPILER_GLOBAL_ACCENT_COLOR_NAME = AccentColor;
				CODE_SIGN_STYLE = Automatic;
				CURRENT_PROJECT_VERSION = 1;
				DEVELOPMENT_ASSET_PATHS = "\"SimpleVideoCourseApp/Preview Content\"";
				DEVELOPMENT_TEAM = K2H8KG8Z32;
				ENABLE_PREVIEWS = YES;
				GENERATE_INFOPLIST_FILE = YES;
				INFOPLIST_KEY_UIApplicationSceneManifest_Generation = YES;
				INFOPLIST_KEY_UIApplicationSupportsIndirectInputEvents = YES;
				INFOPLIST_KEY_UILaunchScreen_Generation = YES;
				INFOPLIST_KEY_UISupportedInterfaceOrientations_iPad = "UIInterfaceOrientationPortrait UIInterfaceOrientationPortraitUpsideDown UIInterfaceOrientationLandscapeLeft UIInterfaceOrientationLandscapeRight";
				INFOPLIST_KEY_UISupportedInterfaceOrientations_iPhone = "UIInterfaceOrientationPortrait UIInterfaceOrientationLandscapeLeft UIInterfaceOrientationLandscapeRight";
				LD_RUNPATH_SEARCH_PATHS = (
					"$(inherited)",
					"@executable_path/Frameworks",
				);
				MARKETING_VERSION = 1.0;
				PRODUCT_BUNDLE_IDENTIFIER = dev.haqim.SimpleVideoCourseApp;
				PRODUCT_NAME = "$(TARGET_NAME)";
				SWIFT_EMIT_LOC_STRINGS = YES;
				SWIFT_VERSION = 5.0;
				TARGETED_DEVICE_FAMILY = "1,2";
			};
			name = Release;
		};
/* End XCBuildConfiguration section */

/* Begin XCConfigurationList section */
		056D3C0C2C09048400245D9D /* Build configuration list for PBXProject "SimpleVideoCourseApp" */ = {
			isa = XCConfigurationList;
			buildConfigurations = (
				056D3C1F2C09048500245D9D /* Debug */,
				056D3C202C09048500245D9D /* Release */,
			);
			defaultConfigurationIsVisible = 0;
			defaultConfigurationName = Release;
		};
		056D3C212C09048500245D9D /* Build configuration list for PBXNativeTarget "SimpleVideoCourseApp" */ = {
			isa = XCConfigurationList;
			buildConfigurations = (
				056D3C222C09048500245D9D /* Debug */,
				056D3C232C09048500245D9D /* Release */,
			);
			defaultConfigurationIsVisible = 0;
			defaultConfigurationName = Release;
		};
/* End XCConfigurationList section */
	};
	rootObject = 056D3C092C09048400245D9D /* Project object */;
}
